lockfileVersion: '9.0'

settings:
  autoInstallPeers: true
  excludeLinksFromLockfile: false

overrides:
  zod: 4.3.5

importers:

  .:
    dependencies:
      concurrently:
        specifier: ^9.2.1
        version: 9.2.1
    devDependencies:
      '@eslint/js':
        specifier: ^9.39.1
        version: 9.39.2
      '@types/jest':
        specifier: 30.0.0
        version: 30.0.0
      '@types/node':
        specifier: 24.10.9
        version: 24.10.9
      '@typescript-eslint/eslint-plugin':
        specifier: ^8.47.0
        version: 8.53.1(@typescript-eslint/parser@8.53.1(eslint@9.39.2(jiti@2.6.1))(typescript@5.9.3))(eslint@9.39.2(jiti@2.6.1))(typescript@5.9.3)
      '@typescript-eslint/parser':
        specifier: ^8.47.0
        version: 8.53.1(eslint@9.39.2(jiti@2.6.1))(typescript@5.9.3)
      eslint:
        specifier: ^9.39.1
        version: 9.39.2(jiti@2.6.1)
      eslint-config-prettier:
        specifier: ^10.1.8
        version: 10.1.8(eslint@9.39.2(jiti@2.6.1))
      eslint-plugin-prettier:
        specifier: ^5.5.4
        version: 5.5.5(eslint-config-prettier@10.1.8(eslint@9.39.2(jiti@2.6.1)))(eslint@9.39.2(jiti@2.6.1))(prettier@3.8.1)
      husky:
        specifier: ^9.1.7
        version: 9.1.7
      jest:
        specifier: ^30.2.0
        version: 30.2.0(@types/node@24.10.9)(ts-node@10.9.2(@types/node@24.10.9)(typescript@5.9.3))
      lint-staged:
        specifier: ^16.2.7
        version: 16.2.7
      prettier:
        specifier: ^3.6.2
        version: 3.8.1
      ts-jest:
        specifier: ^29.4.6
        version: 29.4.6(@babel/core@7.28.6)(@jest/transform@30.2.0)(@jest/types@30.2.0)(babel-jest@30.2.0(@babel/core@7.28.6))(jest-util@30.2.0)(jest@30.2.0(@types/node@24.10.9)(ts-node@10.9.2(@types/node@24.10.9)(typescript@5.9.3)))(typescript@5.9.3)
      typescript:
        specifier: ^5.9.3
        version: 5.9.3

  backend:
    dependencies:
      '@prisma/adapter-pg':
        specifier: ^7.0.1
        version: 7.3.0
      '@prisma/client':
        specifier: ^7.0.1
        version: 7.3.0(prisma@7.3.0(@types/react@19.2.9)(react-dom@19.2.0(react@19.2.0))(react@19.2.0)(typescript@5.9.3))(typescript@5.9.3)
      '@sgcv2/shared':
        specifier: workspace:*
        version: link:../packages/shared
      bcrypt:
        specifier: ^6.0.0
        version: 6.0.0
      cookie-parser:
        specifier: ^1.4.7
        version: 1.4.7
      cors:
        specifier: ^2.8.5
        version: 2.8.6
      dotenv:
        specifier: ^17.2.3
        version: 17.2.3
      express:
        specifier: ^5.1.0
        version: 5.2.1
      inversify:
        specifier: ^7.10.4
        version: 7.11.0(reflect-metadata@0.2.2)
      jsonwebtoken:
        specifier: ^9.0.2
        version: 9.0.3
      passport:
        specifier: ^0.7.0
        version: 0.7.0
      passport-jwt:
        specifier: ^4.0.1
        version: 4.0.1
      passport-local:
        specifier: ^1.0.0
        version: 1.0.0
      pg:
        specifier: ^8.16.3
        version: 8.17.2
      reflect-metadata:
        specifier: ^0.2.2
        version: 0.2.2
      swagger-jsdoc:
        specifier: ^6.2.8
        version: 6.2.8(openapi-types@12.1.3)
      swagger-ui-express:
        specifier: ^5.0.1
        version: 5.0.1(express@5.2.1)
      uuid:
        specifier: ^13.0.0
        version: 13.0.0
      winston:
        specifier: ^3.19.0
        version: 3.19.0
      winston-daily-rotate-file:
        specifier: ^5.0.0
        version: 5.0.0(winston@3.19.0)
      zod:
        specifier: 4.3.5
        version: 4.3.5
    devDependencies:
      '@types/bcrypt':
        specifier: ^6.0.0
        version: 6.0.0
      '@types/cookie-parser':
        specifier: ^1.4.10
        version: 1.4.10(@types/express@5.0.6)
      '@types/cors':
        specifier: ^2.8.19
        version: 2.8.19
      '@types/express':
        specifier: ^5.0.6
        version: 5.0.6
      '@types/express-serve-static-core':
        specifier: ^5.1.0
        version: 5.1.1
      '@types/jest':
        specifier: 30.0.0
        version: 30.0.0
      '@types/jsonwebtoken':
        specifier: ^9.0.10
        version: 9.0.10
      '@types/node':
        specifier: 24.10.9
        version: 24.10.9
      '@types/passport':
        specifier: ^1.0.17
        version: 1.0.17
      '@types/passport-jwt':
        specifier: ^4.0.1
        version: 4.0.1
      '@types/passport-local':
        specifier: ^1.0.38
        version: 1.0.38
      '@types/pg':
        specifier: ^8.15.6
        version: 8.16.0
      '@types/supertest':
        specifier: ^6.0.3
        version: 6.0.3
      '@types/swagger-jsdoc':
        specifier: ^6.0.4
        version: 6.0.4
      '@types/swagger-ui-express':
        specifier: ^4.1.8
        version: 4.1.8
      '@types/uuid':
        specifier: ^10.0.0
        version: 10.0.0
      jest:
        specifier: ^30.2.0
        version: 30.2.0(@types/node@24.10.9)(ts-node@10.9.2(@types/node@24.10.9)(typescript@5.9.3))
      nodemon:
        specifier: ^3.1.11
        version: 3.1.11
      prisma:
        specifier: ^7.0.1
        version: 7.3.0(@types/react@19.2.9)(react-dom@19.2.0(react@19.2.0))(react@19.2.0)(typescript@5.9.3)
      supertest:
        specifier: ^7.1.4
        version: 7.2.2
      ts-jest:
        specifier: ^29.4.6
        version: 29.4.6(@babel/core@7.28.6)(@jest/transform@30.2.0)(@jest/types@30.2.0)(babel-jest@30.2.0(@babel/core@7.28.6))(jest-util@30.2.0)(jest@30.2.0(@types/node@24.10.9)(ts-node@10.9.2(@types/node@24.10.9)(typescript@5.9.3)))(typescript@5.9.3)
      ts-node:
        specifier: ^10.9.2
        version: 10.9.2(@types/node@24.10.9)(typescript@5.9.3)
      tsconfig-paths:
        specifier: ^4.2.0
        version: 4.2.0

  frontend:
    dependencies:
      '@hookform/resolvers':
        specifier: ^5.2.2
        version: 5.2.2(react-hook-form@7.71.1(react@19.2.0))
      '@radix-ui/react-alert-dialog':
        specifier: ^1.1.15
        version: 1.1.15(@types/react-dom@19.2.3(@types/react@19.2.9))(@types/react@19.2.9)(react-dom@19.2.0(react@19.2.0))(react@19.2.0)
      '@radix-ui/react-avatar':
        specifier: ^1.1.11
        version: 1.1.11(@types/react-dom@19.2.3(@types/react@19.2.9))(@types/react@19.2.9)(react-dom@19.2.0(react@19.2.0))(react@19.2.0)
      '@radix-ui/react-checkbox':
        specifier: ^1.3.3
        version: 1.3.3(@types/react-dom@19.2.3(@types/react@19.2.9))(@types/react@19.2.9)(react-dom@19.2.0(react@19.2.0))(react@19.2.0)
      '@radix-ui/react-collapsible':
        specifier: ^1.1.12
        version: 1.1.12(@types/react-dom@19.2.3(@types/react@19.2.9))(@types/react@19.2.9)(react-dom@19.2.0(react@19.2.0))(react@19.2.0)
      '@radix-ui/react-dialog':
        specifier: ^1.1.15
        version: 1.1.15(@types/react-dom@19.2.3(@types/react@19.2.9))(@types/react@19.2.9)(react-dom@19.2.0(react@19.2.0))(react@19.2.0)
      '@radix-ui/react-dropdown-menu':
        specifier: ^2.1.16
        version: 2.1.16(@types/react-dom@19.2.3(@types/react@19.2.9))(@types/react@19.2.9)(react-dom@19.2.0(react@19.2.0))(react@19.2.0)
      '@radix-ui/react-label':
        specifier: ^2.1.8
        version: 2.1.8(@types/react-dom@19.2.3(@types/react@19.2.9))(@types/react@19.2.9)(react-dom@19.2.0(react@19.2.0))(react@19.2.0)
      '@radix-ui/react-separator':
        specifier: ^1.1.8
        version: 1.1.8(@types/react-dom@19.2.3(@types/react@19.2.9))(@types/react@19.2.9)(react-dom@19.2.0(react@19.2.0))(react@19.2.0)
      '@radix-ui/react-slot':
        specifier: ^1.2.4
        version: 1.2.4(@types/react@19.2.9)(react@19.2.0)
      '@radix-ui/react-tabs':
        specifier: ^1.1.13
        version: 1.1.13(@types/react-dom@19.2.3(@types/react@19.2.9))(@types/react@19.2.9)(react-dom@19.2.0(react@19.2.0))(react@19.2.0)
      '@radix-ui/react-tooltip':
        specifier: ^1.2.8
        version: 1.2.8(@types/react-dom@19.2.3(@types/react@19.2.9))(@types/react@19.2.9)(react-dom@19.2.0(react@19.2.0))(react@19.2.0)
      '@sgcv2/shared':
        specifier: workspace:*
        version: link:../packages/shared
      '@tabler/icons-react':
        specifier: ^3.36.0
        version: 3.36.1(react@19.2.0)
      axios:
        specifier: ^1.13.2
        version: 1.13.2
      class-variance-authority:
        specifier: ^0.7.1
        version: 0.7.1
      clsx:
        specifier: ^2.1.1
        version: 2.1.1
      js-sha256:
        specifier: ^0.11.1
        version: 0.11.1
      lucide-react:
        specifier: ^0.554.0
        version: 0.554.0(react@19.2.0)
      next:
        specifier: 16.0.7
        version: 16.0.7(@babel/core@7.28.6)(@playwright/test@1.58.0)(babel-plugin-react-compiler@1.0.0)(react-dom@19.2.0(react@19.2.0))(react@19.2.0)
      next-themes:
        specifier: ^0.4.6
        version: 0.4.6(react-dom@19.2.0(react@19.2.0))(react@19.2.0)
      react:
        specifier: 19.2.0
        version: 19.2.0
      react-content-loader:
        specifier: ^7.1.1
        version: 7.1.2(react@19.2.0)
      react-dom:
        specifier: 19.2.0
        version: 19.2.0(react@19.2.0)
      react-hook-form:
        specifier: ^7.66.1
        version: 7.71.1(react@19.2.0)
      sonner:
        specifier: ^2.0.7
        version: 2.0.7(react-dom@19.2.0(react@19.2.0))(react@19.2.0)
      tailwind-merge:
        specifier: ^3.4.0
        version: 3.4.0
      zod:
        specifier: 4.3.5
        version: 4.3.5
      zustand:
        specifier: ^5.0.8
        version: 5.0.10(@types/react@19.2.9)(react@19.2.0)(use-sync-external-store@1.6.0(react@19.2.0))
    devDependencies:
      '@playwright/test':
        specifier: ^1.57.0
        version: 1.58.0
      '@tailwindcss/postcss':
        specifier: ^4
        version: 4.1.18
      '@testing-library/jest-dom':
        specifier: ^6.9.1
        version: 6.9.1
      '@testing-library/react':
        specifier: ^16.3.0
        version: 16.3.2(@testing-library/dom@10.4.1)(@types/react-dom@19.2.3(@types/react@19.2.9))(@types/react@19.2.9)(react-dom@19.2.0(react@19.2.0))(react@19.2.0)
      '@testing-library/user-event':
        specifier: ^14.6.1
        version: 14.6.1(@testing-library/dom@10.4.1)
      '@types/react':
        specifier: ^19
        version: 19.2.9
      '@types/react-dom':
        specifier: ^19
        version: 19.2.3(@types/react@19.2.9)
      babel-plugin-react-compiler:
        specifier: 1.0.0
        version: 1.0.0
      baseline-browser-mapping:
        specifier: ^2.8.32
        version: 2.9.18
      eslint-config-next:
        specifier: 16.0.3
        version: 16.0.3(@typescript-eslint/parser@8.53.1(eslint@9.39.2(jiti@2.6.1))(typescript@5.9.3))(eslint@9.39.2(jiti@2.6.1))(typescript@5.9.3)
      eslint-config-prettier:
        specifier: ^10.1.8
        version: 10.1.8(eslint@9.39.2(jiti@2.6.1))
      eslint-plugin-prettier:
        specifier: ^5.5.4
        version: 5.5.5(eslint-config-prettier@10.1.8(eslint@9.39.2(jiti@2.6.1)))(eslint@9.39.2(jiti@2.6.1))(prettier@3.8.1)
      jest-environment-jsdom:
        specifier: ^30.2.0
        version: 30.2.0
      prettier:
        specifier: ^3.7.4
        version: 3.8.1
      tailwindcss:
        specifier: ^4
        version: 4.1.18
      tw-animate-css:
        specifier: ^1.4.0
        version: 1.4.0

  packages/shared:
    dependencies:
      zod:
        specifier: 4.3.5
        version: 4.3.5
    devDependencies:
      '@types/node':
        specifier: 24.10.9
        version: 24.10.9
      typescript:
        specifier: ^5.9.3
        version: 5.9.3
